version = 1
revision = 3
requires-python = ">=3.13"

[[package]]
name = "confluent-kafka"
version = "2.6.1"
source = { registry = "https://pypi.org/simple" }
sdist = { url = "https://files.pythonhosted.org/packages/13/89/928e6886ba33f5847692430d003dc33f81a6e595d25f9935d6185ea073d3/confluent_kafka-2.6.1.tar.gz", hash = "sha256:71fdab0f65ccdb00eff0f14ccde65723ebbd20392723f8c1e87e5d8ab29e50cf", size = 160019, upload-time = "2024-11-18T18:53:02.559Z" }
wheels = [
    { url = "https://files.pythonhosted.org/packages/8c/cf/b5d0124b143a98c7bc0ecd638f12a05db9c1ba173349d0bf22e23ac559a4/confluent_kafka-2.6.1-cp313-cp313-macosx_13_0_arm64.whl", hash = "sha256:2584812d8834932e194929544d09325dd09039223aced7ab09095ffd4e96a1ca", size = 2968528, upload-time = "2024-11-18T18:51:46.158Z" },
    { url = "https://files.pythonhosted.org/packages/7d/fc/4e3e5c492111d8d4444888f0503a8cebdfca70fbe64e63be8cea41de88d1/confluent_kafka-2.6.1-cp313-cp313-macosx_13_0_x86_64.whl", hash = "sha256:90853bbf466c57e0295076549b9b3b9cb6ab9447965977f3cde7f0790c39b5d6", size = 3441632, upload-time = "2024-11-18T18:51:48.642Z" },
    { url = "https://files.pythonhosted.org/packages/1f/5b/d4963bf090a8ae0712d83163f43a018297216a2cb4d0c28a422c2a0c254b/confluent_kafka-2.6.1-cp313-cp313-manylinux_2_28_aarch64.whl", hash = "sha256:8c38bf716dbf99bd0e84ba867417e397c4d544d37a530b28df6cadd227a57f98", size = 15281866, upload-time = "2024-11-18T18:51:55.536Z" },
    { url = "https://files.pythonhosted.org/packages/ab/71/bd85b6b0e30227d722649a180de3459d3360cc01380f370651ff18d4dba1/confluent_kafka-2.6.1-cp313-cp313-manylinux_2_28_x86_64.whl", hash = "sha256:efc94016d3b438f0af2ddd3f5a8fb293616fda296644f341161033b24282b23d", size = 3953827, upload-time = "2024-11-18T18:51:59.301Z" },
    { url = "https://files.pythonhosted.org/packages/b6/eb/042c083e0d0a5016559dda61fb060e1c9be4fe540c95898c35a9fd540762/confluent_kafka-2.6.1-cp313-cp313-win_amd64.whl", hash = "sha256:150735910da42c44f7fa21ad96e3ae0f52df34066f163d3f544001a64ea776d2", size = 3948805, upload-time = "2024-11-18T18:52:02.158Z" },
]

[[package]]
name = "python-dateutil"
version = "2.9.0.post0"
source = { registry = "https://pypi.org/simple" }
dependencies = [
    { name = "six" },
]
sdist = { url = "https://files.pythonhosted.org/packages/66/c0/0c8b6ad9f17a802ee498c46e004a0eb49bc148f2fd230864601a86dcf6db/python-dateutil-2.9.0.post0.tar.gz", hash = "sha256:37dd54208da7e1cd875388217d5e00ebd4179249f90fb72437e91a35459a0ad3", size = 342432, upload-time = "2024-03-01T18:36:20.211Z" }
wheels = [
    { url = "https://files.pythonhosted.org/packages/ec/57/56b9bcc3c9c6a792fcbaf139543cee77261f3651ca9da0c93f5c1221264b/python_dateutil-2.9.0.post0-py2.py3-none-any.whl", hash = "sha256:a8b2bc7bffae282281c8140a97d3aa9c14da0b136dfe83f850eea9a5f7470427", size = 229892, upload-time = "2024-03-01T18:36:18.57Z" },
]

[[package]]
name = "six"
version = "1.17.0"
source = { registry = "https://pypi.org/simple" }
sdist = { url = "https://files.pythonhosted.org/packages/94/e7/b2c673351809dca68a0e064b6af791aa332cf192da575fd474ed7d6f16a2/six-1.17.0.tar.gz", hash = "sha256:ff70335d468e7eb6ec65b95b99d3a2836546063f63acc5171de367e834932a81", size = 34031, upload-time = "2024-12-04T17:35:28.174Z" }
wheels = [
    { url = "https://files.pythonhosted.org/packages/b7/ce/149a00dd41f10bc29e5921b496af8b574d8413afcd5e30dfa0ed46c2cc5e/six-1.17.0-py2.py3-none-any.whl", hash = "sha256:4721f391ed90541fddacab5acf947aa0d3dc7d27b2e1e8eda2be8970586c3274", size = 11050, upload-time = "2024-12-04T17:35:26.475Z" },
]

[[package]]
name = "transactions-producer"
version = "0.1.0"
source = { editable = "." }
dependencies = [
    { name = "confluent-kafka" },
    { name = "python-dateutil" },
]

[package.metadata]
requires-dist = [
    { name = "confluent-kafka", specifier = "==2.6.1" },
    { name = "python-dateutil", specifier = "==2.9.0.post0" },
]
